{
  "name": "tommasocaputi",
  "version": "1.1.3",
  "lockfileVersion": 3,
  "requires": true,
  "packages": {
    "": {
      "name": "tommasocaputi",
      "version": "1.1.3",
      "license": "ISC",
      "dependencies": {
        "tommasocaputi": "^1.0.1"
      },
      "bin": {
        "tommasocaputi": "bin/index.js"
      }
    },
    "node_modules/tommasocaputi": {
      "version": "1.0.1",
      "resolved": "https://registry.npmjs.org/tommasocaputi/-/tommasocaputi-1.0.1.tgz",
      "integrity": "sha512-m5u6xJUOyDVi/cBQX5LZaQjY9ak8dgbHhCGX9+KORHYoalpwTlNcm+F2sPh6B753Kh4/uP3SO2ZswZM7dbo/Xw==",
      "bin": {
        "tommasocaputi": "bin/index.js"
      }
    }
  }
}
